// !$*UTF8*$!
{
	archiveVersion = 1;
	classes = {
	};
	objectVersion = 56;
	objects = {

/* Begin PBXBuildFile section */
		010124E32AF2C7BA00AB6B1E /* UsersModel.swift in Sources */ = {isa = PBXBuildFile; fileRef = 010124E22AF2C7BA00AB6B1E /* UsersModel.swift */; };
		012E67E92AFE858C00970431 /* CoreDataModel.xcdatamodeld in Sources */ = {isa = PBXBuildFile; fileRef = 012E67E72AFE858C00970431 /* CoreDataModel.xcdatamodeld */; };
		01A21EC72B06B301001E3CD3 /* DataController.swift in Sources */ = {isa = PBXBuildFile; fileRef = 01A21EC62B06B301001E3CD3 /* DataController.swift */; };
		01B731EB2AD450BC005FB50D /* Milestone_Projects10_12App.swift in Sources */ = {isa = PBXBuildFile; fileRef = 01B731EA2AD450BC005FB50D /* Milestone_Projects10_12App.swift */; };
		01B731ED2AD450BC005FB50D /* ContentView.swift in Sources */ = {isa = PBXBuildFile; fileRef = 01B731EC2AD450BC005FB50D /* ContentView.swift */; };
		01B731EF2AD450BD005FB50D /* Assets.xcassets in Resources */ = {isa = PBXBuildFile; fileRef = 01B731EE2AD450BD005FB50D /* Assets.xcassets */; };
		01B731F22AD450BD005FB50D /* Preview Assets.xcassets in Resources */ = {isa = PBXBuildFile; fileRef = 01B731F12AD450BD005FB50D /* Preview Assets.xcassets */; };
		01B731F92AD45246005FB50D /* User.swift in Sources */ = {isa = PBXBuildFile; fileRef = 01B731F82AD45246005FB50D /* User.swift */; };
		01BB16FA2AF6A47700723BD3 /* UsersView.swift in Sources */ = {isa = PBXBuildFile; fileRef = 01BB16F92AF6A47700723BD3 /* UsersView.swift */; };
		01BB16FC2AF6A60800723BD3 /* UserRowView.swift in Sources */ = {isa = PBXBuildFile; fileRef = 01BB16FB2AF6A60800723BD3 /* UserRowView.swift */; };
		01BB16FE2AF6A65200723BD3 /* StatusIndicatorView.swift in Sources */ = {isa = PBXBuildFile; fileRef = 01BB16FD2AF6A65200723BD3 /* StatusIndicatorView.swift */; };
		01BB17012AF6A72500723BD3 /* UserView.swift in Sources */ = {isa = PBXBuildFile; fileRef = 01BB17002AF6A72500723BD3 /* UserView.swift */; };
		01ED20832AFD41500048304C /* TagView.swift in Sources */ = {isa = PBXBuildFile; fileRef = 01ED20822AFD41500048304C /* TagView.swift */; };
		01ED20852AFD43B60048304C /* FlexibleContainerView.swift in Sources */ = {isa = PBXBuildFile; fileRef = 01ED20842AFD43B60048304C /* FlexibleContainerView.swift */; };
		01F5D1692B0294E600F82DBE /* CachedFriend+CoreDataClass.swift in Sources */ = {isa = PBXBuildFile; fileRef = 01F5D1652B0294E600F82DBE /* CachedFriend+CoreDataClass.swift */; };
		01F5D16A2B0294E600F82DBE /* CachedFriend+CoreDataProperties.swift in Sources */ = {isa = PBXBuildFile; fileRef = 01F5D1662B0294E600F82DBE /* CachedFriend+CoreDataProperties.swift */; };
		01F5D16B2B0294E600F82DBE /* CachedUser+CoreDataClass.swift in Sources */ = {isa = PBXBuildFile; fileRef = 01F5D1672B0294E600F82DBE /* CachedUser+CoreDataClass.swift */; };
		01F5D16C2B0294E600F82DBE /* CachedUser+CoreDataProperties.swift in Sources */ = {isa = PBXBuildFile; fileRef = 01F5D1682B0294E600F82DBE /* CachedUser+CoreDataProperties.swift */; };
/* End PBXBuildFile section */

/* Begin PBXFileReference section */
		010124E22AF2C7BA00AB6B1E /* UsersModel.swift */ = {isa = PBXFileReference; lastKnownFileType = sourcecode.swift; path = UsersModel.swift; sourceTree = "<group>"; };
		012E67E82AFE858C00970431 /* CoreDataModel.xcdatamodel */ = {isa = PBXFileReference; lastKnownFileType = wrapper.xcdatamodel; path = CoreDataModel.xcdatamodel; sourceTree = "<group>"; };
		01A21EC62B06B301001E3CD3 /* DataController.swift */ = {isa = PBXFileReference; lastKnownFileType = sourcecode.swift; path = DataController.swift; sourceTree = "<group>"; };
		01B731E72AD450BC005FB50D /* Milestone-Projects10_12.app */ = {isa = PBXFileReference; explicitFileType = wrapper.application; includeInIndex = 0; path = "Milestone-Projects10_12.app"; sourceTree = BUILT_PRODUCTS_DIR; };
		01B731EA2AD450BC005FB50D /* Milestone_Projects10_12App.swift */ = {isa = PBXFileReference; lastKnownFileType = sourcecode.swift; path = Milestone_Projects10_12App.swift; sourceTree = "<group>"; };
		01B731EC2AD450BC005FB50D /* ContentView.swift */ = {isa = PBXFileReference; lastKnownFileType = sourcecode.swift; path = ContentView.swift; sourceTree = "<group>"; };
		01B731EE2AD450BD005FB50D /* Assets.xcassets */ = {isa = PBXFileReference; lastKnownFileType = folder.assetcatalog; path = Assets.xcassets; sourceTree = "<group>"; };
		01B731F12AD450BD005FB50D /* Preview Assets.xcassets */ = {isa = PBXFileReference; lastKnownFileType = folder.assetcatalog; path = "Preview Assets.xcassets"; sourceTree = "<group>"; };
		01B731F82AD45246005FB50D /* User.swift */ = {isa = PBXFileReference; lastKnownFileType = sourcecode.swift; path = User.swift; sourceTree = "<group>"; };
		01BB16F92AF6A47700723BD3 /* UsersView.swift */ = {isa = PBXFileReference; lastKnownFileType = sourcecode.swift; path = UsersView.swift; sourceTree = "<group>"; };
		01BB16FB2AF6A60800723BD3 /* UserRowView.swift */ = {isa = PBXFileReference; lastKnownFileType = sourcecode.swift; path = UserRowView.swift; sourceTree = "<group>"; };
		01BB16FD2AF6A65200723BD3 /* StatusIndicatorView.swift */ = {isa = PBXFileReference; lastKnownFileType = sourcecode.swift; path = StatusIndicatorView.swift; sourceTree = "<group>"; };
		01BB17002AF6A72500723BD3 /* UserView.swift */ = {isa = PBXFileReference; lastKnownFileType = sourcecode.swift; path = UserView.swift; sourceTree = "<group>"; };
		01ED20822AFD41500048304C /* TagView.swift */ = {isa = PBXFileReference; lastKnownFileType = sourcecode.swift; path = TagView.swift; sourceTree = "<group>"; };
		01ED20842AFD43B60048304C /* FlexibleContainerView.swift */ = {isa = PBXFileReference; lastKnownFileType = sourcecode.swift; path = FlexibleContainerView.swift; sourceTree = "<group>"; };
		01F5D1652B0294E600F82DBE /* CachedFriend+CoreDataClass.swift */ = {isa = PBXFileReference; lastKnownFileType = sourcecode.swift; path = "CachedFriend+CoreDataClass.swift"; sourceTree = "<group>"; };
		01F5D1662B0294E600F82DBE /* CachedFriend+CoreDataProperties.swift */ = {isa = PBXFileReference; lastKnownFileType = sourcecode.swift; path = "CachedFriend+CoreDataProperties.swift"; sourceTree = "<group>"; };
		01F5D1672B0294E600F82DBE /* CachedUser+CoreDataClass.swift */ = {isa = PBXFileReference; lastKnownFileType = sourcecode.swift; path = "CachedUser+CoreDataClass.swift"; sourceTree = "<group>"; };
		01F5D1682B0294E600F82DBE /* CachedUser+CoreDataProperties.swift */ = {isa = PBXFileReference; lastKnownFileType = sourcecode.swift; path = "CachedUser+CoreDataProperties.swift"; sourceTree = "<group>"; };
/* End PBXFileReference section */

/* Begin PBXFrameworksBuildPhase section */
		01B731E42AD450BC005FB50D /* Frameworks */ = {
			isa = PBXFrameworksBuildPhase;
			buildActionMask = 2147483647;
			files = (
			);
			runOnlyForDeploymentPostprocessing = 0;
		};
/* End PBXFrameworksBuildPhase section */

/* Begin PBXGroup section */
		01B731DE2AD450BC005FB50D = {
			isa = PBXGroup;
			children = (
				01B731E92AD450BC005FB50D /* Milestone-Projects10_12 */,
				01B731E82AD450BC005FB50D /* Products */,
			);
			sourceTree = "<group>";
		};
		01B731E82AD450BC005FB50D /* Products */ = {
			isa = PBXGroup;
			children = (
				01B731E72AD450BC005FB50D /* Milestone-Projects10_12.app */,
			);
			name = Products;
			sourceTree = "<group>";
		};
		01B731E92AD450BC005FB50D /* Milestone-Projects10_12 */ = {
			isa = PBXGroup;
			children = (
				01BB16F82AF6A46500723BD3 /* Views */,
				01BB16F72AF6A45D00723BD3 /* Models */,
				01B731EA2AD450BC005FB50D /* Milestone_Projects10_12App.swift */,
				01B731EC2AD450BC005FB50D /* ContentView.swift */,
				01B731EE2AD450BD005FB50D /* Assets.xcassets */,
				012E67E72AFE858C00970431 /* CoreDataModel.xcdatamodeld */,
				01B731F02AD450BD005FB50D /* Preview Content */,
			);
			path = "Milestone-Projects10_12";
			sourceTree = "<group>";
		};
		01B731F02AD450BD005FB50D /* Preview Content */ = {
			isa = PBXGroup;
			children = (
				01B731F12AD450BD005FB50D /* Preview Assets.xcassets */,
			);
			path = "Preview Content";
			sourceTree = "<group>";
		};
		01BB16F72AF6A45D00723BD3 /* Models */ = {
			isa = PBXGroup;
			children = (
				01B731F82AD45246005FB50D /* User.swift */,
				010124E22AF2C7BA00AB6B1E /* UsersModel.swift */,
				01A21EC62B06B301001E3CD3 /* DataController.swift */,
				01F5D1652B0294E600F82DBE /* CachedFriend+CoreDataClass.swift */,
				01F5D1662B0294E600F82DBE /* CachedFriend+CoreDataProperties.swift */,
				01F5D1672B0294E600F82DBE /* CachedUser+CoreDataClass.swift */,
				01F5D1682B0294E600F82DBE /* CachedUser+CoreDataProperties.swift */,
			);
			path = Models;
			sourceTree = "<group>";
		};
		01BB16F82AF6A46500723BD3 /* Views */ = {
			isa = PBXGroup;
			children = (
				01BB16FD2AF6A65200723BD3 /* StatusIndicatorView.swift */,
				01BB16FB2AF6A60800723BD3 /* UserRowView.swift */,
				01BB16F92AF6A47700723BD3 /* UsersView.swift */,
				01BB17002AF6A72500723BD3 /* UserView.swift */,
				01ED20822AFD41500048304C /* TagView.swift */,
				01ED20842AFD43B60048304C /* FlexibleContainerView.swift */,
			);
			path = Views;
			sourceTree = "<group>";
		};
/* End PBXGroup section */

/* Begin PBXNativeTarget section */
		01B731E62AD450BC005FB50D /* Milestone-Projects10_12 */ = {
			isa = PBXNativeTarget;
			buildConfigurationList = 01B731F52AD450BD005FB50D /* Build configuration list for PBXNativeTarget "Milestone-Projects10_12" */;
			buildPhases = (
				01B731E32AD450BC005FB50D /* Sources */,
				01B731E42AD450BC005FB50D /* Frameworks */,
				01B731E52AD450BC005FB50D /* Resources */,
			);
			buildRules = (
			);
			dependencies = (
			);
			name = "Milestone-Projects10_12";
			productName = "Milestone-Projects10_12";
			productReference = 01B731E72AD450BC005FB50D /* Milestone-Projects10_12.app */;
			productType = "com.apple.product-type.application";
		};
/* End PBXNativeTarget section */

/* Begin PBXProject section */
		01B731DF2AD450BC005FB50D /* Project object */ = {
			isa = PBXProject;
			attributes = {
				BuildIndependentTargetsInParallel = 1;
				LastSwiftUpdateCheck = 1500;
				LastUpgradeCheck = 1500;
				TargetAttributes = {
					01B731E62AD450BC005FB50D = {
						CreatedOnToolsVersion = 15.0;
					};
				};
			};
			buildConfigurationList = 01B731E22AD450BC005FB50D /* Build configuration list for PBXProject "Milestone-Projects10_12" */;
			compatibilityVersion = "Xcode 14.0";
			developmentRegion = en;
			hasScannedForEncodings = 0;
			knownRegions = (
				en,
				Base,
			);
			mainGroup = 01B731DE2AD450BC005FB50D;
			productRefGroup = 01B731E82AD450BC005FB50D /* Products */;
			projectDirPath = "";
			projectRoot = "";
			targets = (
				01B731E62AD450BC005FB50D /* Milestone-Projects10_12 */,
			);
		};
/* End PBXProject section */

/* Begin PBXResourcesBuildPhase section */
		01B731E52AD450BC005FB50D /* Resources */ = {
			isa = PBXResourcesBuildPhase;
			buildActionMask = 2147483647;
			files = (
				01B731F22AD450BD005FB50D /* Preview Assets.xcassets in Resources */,
				01B731EF2AD450BD005FB50D /* Assets.xcassets in Resources */,
			);
			runOnlyForDeploymentPostprocessing = 0;
		};
/* End PBXResourcesBuildPhase section */

/* Begin PBXSourcesBuildPhase section */
		01B731E32AD450BC005FB50D /* Sources */ = {
			isa = PBXSourcesBuildPhase;
			buildActionMask = 2147483647;
			files = (
				01BB16FA2AF6A47700723BD3 /* UsersView.swift in Sources */,
				01F5D16A2B0294E600F82DBE /* CachedFriend+CoreDataProperties.swift in Sources */,
				01ED20852AFD43B60048304C /* FlexibleContainerView.swift in Sources */,
				012E67E92AFE858C00970431 /* CoreDataModel.xcdatamodeld in Sources */,
				01B731ED2AD450BC005FB50D /* ContentView.swift in Sources */,
				01B731EB2AD450BC005FB50D /* Milestone_Projects10_12App.swift in Sources */,
				01BB17012AF6A72500723BD3 /* UserView.swift in Sources */,
				01F5D16C2B0294E600F82DBE /* CachedUser+CoreDataProperties.swift in Sources */,
				01F5D1692B0294E600F82DBE /* CachedFriend+CoreDataClass.swift in Sources */,
				010124E32AF2C7BA00AB6B1E /* UsersModel.swift in Sources */,
				01BB16FE2AF6A65200723BD3 /* StatusIndicatorView.swift in Sources */,
				01BB16FC2AF6A60800723BD3 /* UserRowView.swift in Sources */,
				01B731F92AD45246005FB50D /* User.swift in Sources */,
				01A21EC72B06B301001E3CD3 /* DataController.swift in Sources */,
				01F5D16B2B0294E600F82DBE /* CachedUser+CoreDataClass.swift in Sources */,
				01ED20832AFD41500048304C /* TagView.swift in Sources */,
			);
			runOnlyForDeploymentPostprocessing = 0;
		};
/* End PBXSourcesBuildPhase section */

/* Begin XCBuildConfiguration section */
		01B731F32AD450BD005FB50D /* Debug */ = {
			isa = XCBuildConfiguration;
			buildSettings = {
				ALWAYS_SEARCH_USER_PATHS = NO;
				ASSETCATALOG_COMPILER_GENERATE_SWIFT_ASSET_SYMBOL_EXTENSIONS = YES;
				CLANG_ANALYZER_NONNULL = YES;
				CLANG_ANALYZER_NUMBER_OBJECT_CONVERSION = YES_AGGRESSIVE;
				CLANG_CXX_LANGUAGE_STANDARD = "gnu++20";
				CLANG_ENABLE_MODULES = YES;
				CLANG_ENABLE_OBJC_ARC = YES;
				CLANG_ENABLE_OBJC_WEAK = YES;
				CLANG_WARN_BLOCK_CAPTURE_AUTORELEASING = YES;
				CLANG_WARN_BOOL_CONVERSION = YES;
				CLANG_WARN_COMMA = YES;
				CLANG_WARN_CONSTANT_CONVERSION = YES;
				CLANG_WARN_DEPRECATED_OBJC_IMPLEMENTATIONS = YES;
				CLANG_WARN_DIRECT_OBJC_ISA_USAGE = YES_ERROR;
				CLANG_WARN_DOCUMENTATION_COMMENTS = YES;
				CLANG_WARN_EMPTY_BODY = YES;
				CLANG_WARN_ENUM_CONVERSION = YES;
				CLANG_WARN_INFINITE_RECURSION = YES;
				CLANG_WARN_INT_CONVERSION = YES;
				CLANG_WARN_NON_LITERAL_NULL_CONVERSION = YES;
				CLANG_WARN_OBJC_IMPLICIT_RETAIN_SELF = YES;
				CLANG_WARN_OBJC_LITERAL_CONVERSION = YES;
				CLANG_WARN_OBJC_ROOT_CLASS = YES_ERROR;
				CLANG_WARN_QUOTED_INCLUDE_IN_FRAMEWORK_HEADER = YES;
				CLANG_WARN_RANGE_LOOP_ANALYSIS = YES;
				CLANG_WARN_STRICT_PROTOTYPES = YES;
				CLANG_WARN_SUSPICIOUS_MOVE = YES;
				CLANG_WARN_UNGUARDED_AVAILABILITY = YES_AGGRESSIVE;
				CLANG_WARN_UNREACHABLE_CODE = YES;
				CLANG_WARN__DUPLICATE_METHOD_MATCH = YES;
				COPY_PHASE_STRIP = NO;
				DEBUG_INFORMATION_FORMAT = dwarf;
				ENABLE_STRICT_OBJC_MSGSEND = YES;
				ENABLE_TESTABILITY = YES;
				ENABLE_USER_SCRIPT_SANDBOXING = YES;
				GCC_C_LANGUAGE_STANDARD = gnu17;
				GCC_DYNAMIC_NO_PIC = NO;
				GCC_NO_COMMON_BLOCKS = YES;
				GCC_OPTIMIZATION_LEVEL = 0;
				GCC_PREPROCESSOR_DEFINITIONS = (
					"DEBUG=1",
					"$(inherited)",
				);
				GCC_WARN_64_TO_32_BIT_CONVERSION = YES;
				GCC_WARN_ABOUT_RETURN_TYPE = YES_ERROR;
				GCC_WARN_UNDECLARED_SELECTOR = YES;
				GCC_WARN_UNINITIALIZED_AUTOS = YES_AGGRESSIVE;
				GCC_WARN_UNUSED_FUNCTION = YES;
				GCC_WARN_UNUSED_VARIABLE = YES;
				IPHONEOS_DEPLOYMENT_TARGET = 17.0;
				LOCALIZATION_PREFERS_STRING_CATALOGS = YES;
				MTL_ENABLE_DEBUG_INFO = INCLUDE_SOURCE;
				MTL_FAST_MATH = YES;
				ONLY_ACTIVE_ARCH = YES;
				SDKROOT = iphoneos;
				SWIFT_ACTIVE_COMPILATION_CONDITIONS = "DEBUG $(inherited)";
				SWIFT_OPTIMIZATION_LEVEL = "-Onone";
			};
			name = Debug;
		};
		01B731F42AD450BD005FB50D /* Release */ = {
			isa = XCBuildConfiguration;
			buildSettings = {
				ALWAYS_SEARCH_USER_PATHS = NO;
				ASSETCATALOG_COMPILER_GENERATE_SWIFT_ASSET_SYMBOL_EXTENSIONS = YES;
				CLANG_ANALYZER_NONNULL = YES;
				CLANG_ANALYZER_NUMBER_OBJECT_CONVERSION = YES_AGGRESSIVE;
				CLANG_CXX_LANGUAGE_STANDARD = "gnu++20";
				CLANG_ENABLE_MODULES = YES;
				CLANG_ENABLE_OBJC_ARC = YES;
				CLANG_ENABLE_OBJC_WEAK = YES;
				CLANG_WARN_BLOCK_CAPTURE_AUTORELEASING = YES;
				CLANG_WARN_BOOL_CONVERSION = YES;
				CLANG_WARN_COMMA = YES;
				CLANG_WARN_CONSTANT_CONVERSION = YES;
				CLANG_WARN_DEPRECATED_OBJC_IMPLEMENTATIONS = YES;
				CLANG_WARN_DIRECT_OBJC_ISA_USAGE = YES_ERROR;
				CLANG_WARN_DOCUMENTATION_COMMENTS = YES;
				CLANG_WARN_EMPTY_BODY = YES;
				CLANG_WARN_ENUM_CONVERSION = YES;
				CLANG_WARN_INFINITE_RECURSION = YES;
				CLANG_WARN_INT_CONVERSION = YES;
				CLANG_WARN_NON_LITERAL_NULL_CONVERSION = YES;
				CLANG_WARN_OBJC_IMPLICIT_RETAIN_SELF = YES;
				CLANG_WARN_OBJC_LITERAL_CONVERSION = YES;
				CLANG_WARN_OBJC_ROOT_CLASS = YES_ERROR;
				CLANG_WARN_QUOTED_INCLUDE_IN_FRAMEWORK_HEADER = YES;
				CLANG_WARN_RANGE_LOOP_ANALYSIS = YES;
				CLANG_WARN_STRICT_PROTOTYPES = YES;
				CLANG_WARN_SUSPICIOUS_MOVE = YES;
				CLANG_WARN_UNGUARDED_AVAILABILITY = YES_AGGRESSIVE;
				CLANG_WARN_UNREACHABLE_CODE = YES;
				CLANG_WARN__DUPLICATE_METHOD_MATCH = YES;
				COPY_PHASE_STRIP = NO;
				DEBUG_INFORMATION_FORMAT = "dwarf-with-dsym";
				ENABLE_NS_ASSERTIONS = NO;
				ENABLE_STRICT_OBJC_MSGSEND = YES;
				ENABLE_USER_SCRIPT_SANDBOXING = YES;
				GCC_C_LANGUAGE_STANDARD = gnu17;
				GCC_NO_COMMON_BLOCKS = YES;
				GCC_WARN_64_TO_32_BIT_CONVERSION = YES;
				GCC_WARN_ABOUT_RETURN_TYPE = YES_ERROR;
				GCC_WARN_UNDECLARED_SELECTOR = YES;
				GCC_WARN_UNINITIALIZED_AUTOS = YES_AGGRESSIVE;
				GCC_WARN_UNUSED_FUNCTION = YES;
				GCC_WARN_UNUSED_VARIABLE = YES;
				IPHONEOS_DEPLOYMENT_TARGET = 17.0;
				LOCALIZATION_PREFERS_STRING_CATALOGS = YES;
				MTL_ENABLE_DEBUG_INFO = NO;
				MTL_FAST_MATH = YES;
				SDKROOT = iphoneos;
				SWIFT_COMPILATION_MODE = wholemodule;
				VALIDATE_PRODUCT = YES;
			};
			name = Release;
		};
		01B731F62AD450BD005FB50D /* Debug */ = {
			isa = XCBuildConfiguration;
			buildSettings = {
				ASSETCATALOG_COMPILER_APPICON_NAME = AppIcon;
				ASSETCATALOG_COMPILER_GLOBAL_ACCENT_COLOR_NAME = AccentColor;
				CODE_SIGN_STYLE = Automatic;
				CURRENT_PROJECT_VERSION = 1;
				DEVELOPMENT_ASSET_PATHS = "\"Milestone-Projects10_12/Preview Content\"";
				ENABLE_PREVIEWS = YES;
				GENERATE_INFOPLIST_FILE = YES;
				INFOPLIST_KEY_UIApplicationSceneManifest_Generation = YES;
				INFOPLIST_KEY_UIApplicationSupportsIndirectInputEvents = YES;
				INFOPLIST_KEY_UILaunchScreen_Generation = YES;
				INFOPLIST_KEY_UISupportedInterfaceOrientations_iPad = "UIInterfaceOrientationPortrait UIInterfaceOrientationPortraitUpsideDown UIInterfaceOrientationLandscapeLeft UIInterfaceOrientationLandscapeRight";
				INFOPLIST_KEY_UISupportedInterfaceOrientations_iPhone = "UIInterfaceOrientationPortrait UIInterfaceOrientationLandscapeLeft UIInterfaceOrientationLandscapeRight";
				LD_RUNPATH_SEARCH_PATHS = (
					"$(inherited)",
					"@executable_path/Frameworks",
				);
				MARKETING_VERSION = 1.0;
				PRODUCT_BUNDLE_IDENTIFIER = "com.cdalvaro.Milestone-Projects10-12";
				PRODUCT_NAME = "$(TARGET_NAME)";
				SWIFT_EMIT_LOC_STRINGS = YES;
				SWIFT_VERSION = 5.0;
				TARGETED_DEVICE_FAMILY = "1,2";
			};
			name = Debug;
		};
		01B731F72AD450BD005FB50D /* Release */ = {
			isa = XCBuildConfiguration;
			buildSettings = {
				ASSETCATALOG_COMPILER_APPICON_NAME = AppIcon;
				ASSETCATALOG_COMPILER_GLOBAL_ACCENT_COLOR_NAME = AccentColor;
				CODE_SIGN_STYLE = Automatic;
				CURRENT_PROJECT_VERSION = 1;
				DEVELOPMENT_ASSET_PATHS = "\"Milestone-Projects10_12/Preview Content\"";
				ENABLE_PREVIEWS = YES;
				GENERATE_INFOPLIST_FILE = YES;
				INFOPLIST_KEY_UIApplicationSceneManifest_Generation = YES;
				INFOPLIST_KEY_UIApplicationSupportsIndirectInputEvents = YES;
				INFOPLIST_KEY_UILaunchScreen_Generation = YES;
				INFOPLIST_KEY_UISupportedInterfaceOrientations_iPad = "UIInterfaceOrientationPortrait UIInterfaceOrientationPortraitUpsideDown UIInterfaceOrientationLandscapeLeft UIInterfaceOrientationLandscapeRight";
				INFOPLIST_KEY_UISupportedInterfaceOrientations_iPhone = "UIInterfaceOrientationPortrait UIInterfaceOrientationLandscapeLeft UIInterfaceOrientationLandscapeRight";
				LD_RUNPATH_SEARCH_PATHS = (
					"$(inherited)",
					"@executable_path/Frameworks",
				);
				MARKETING_VERSION = 1.0;
				PRODUCT_BUNDLE_IDENTIFIER = "com.cdalvaro.Milestone-Projects10-12";
				PRODUCT_NAME = "$(TARGET_NAME)";
				SWIFT_EMIT_LOC_STRINGS = YES;
				SWIFT_VERSION = 5.0;
				TARGETED_DEVICE_FAMILY = "1,2";
			};
			name = Release;
		};
/* End XCBuildConfiguration section */

/* Begin XCConfigurationList section */
		01B731E22AD450BC005FB50D /* Build configuration list for PBXProject "Milestone-Projects10_12" */ = {
			isa = XCConfigurationList;
			buildConfigurations = (
				01B731F32AD450BD005FB50D /* Debug */,
				01B731F42AD450BD005FB50D /* Release */,
			);
			defaultConfigurationIsVisible = 0;
			defaultConfigurationName = Release;
		};
		01B731F52AD450BD005FB50D /* Build configuration list for PBXNativeTarget "Milestone-Projects10_12" */ = {
			isa = XCConfigurationList;
			buildConfigurations = (
				01B731F62AD450BD005FB50D /* Debug */,
				01B731F72AD450BD005FB50D /* Release */,
			);
			defaultConfigurationIsVisible = 0;
			defaultConfigurationName = Release;
		};
/* End XCConfigurationList section */

/* Begin XCVersionGroup section */
		012E67E72AFE858C00970431 /* CoreDataModel.xcdatamodeld */ = {
			isa = XCVersionGroup;
			children = (
				012E67E82AFE858C00970431 /* CoreDataModel.xcdatamodel */,
			);
			currentVersion = 012E67E82AFE858C00970431 /* CoreDataModel.xcdatamodel */;
			path = CoreDataModel.xcdatamodeld;
			sourceTree = "<group>";
			versionGroupType = wrapper.xcdatamodel;
		};
/* End XCVersionGroup section */
	};
	rootObject = 01B731DF2AD450BC005FB50D /* Project object */;
}
