// !$*UTF8*$!
{
	archiveVersion = 1;
	classes = {
	};
	objectVersion = 56;
	objects = {

/* Begin PBXBuildFile section */
		82CBDAAA2A33790F008E759A /* Milestone_Projects7_9App.swift in Sources */ = {isa = PBXBuildFile; fileRef = 82CBDAA92A33790F008E759A /* Milestone_Projects7_9App.swift */; };
		82CBDAAC2A33790F008E759A /* ContentView.swift in Sources */ = {isa = PBXBuildFile; fileRef = 82CBDAAB2A33790F008E759A /* ContentView.swift */; };
		82CBDAAE2A337910008E759A /* Assets.xcassets in Resources */ = {isa = PBXBuildFile; fileRef = 82CBDAAD2A337910008E759A /* Assets.xcassets */; };
		82CBDAB22A337910008E759A /* Preview Assets.xcassets in Resources */ = {isa = PBXBuildFile; fileRef = 82CBDAB12A337910008E759A /* Preview Assets.xcassets */; };
		82CBDABA2A33B0B5008E759A /* ActivityItem.swift in Sources */ = {isa = PBXBuildFile; fileRef = 82CBDAB92A33B0B5008E759A /* ActivityItem.swift */; };
		82D3A2B82A363DBF00E247A5 /* ActivityView.swift in Sources */ = {isa = PBXBuildFile; fileRef = 82D3A2B72A363DBF00E247A5 /* ActivityView.swift */; };
		82ECF6082A35C37200FAF4FE /* Activities.swift in Sources */ = {isa = PBXBuildFile; fileRef = 82ECF6072A35C37200FAF4FE /* Activities.swift */; };
		82ECF60A2A35F52B00FAF4FE /* ActivityCardView.swift in Sources */ = {isa = PBXBuildFile; fileRef = 82ECF6092A35F52B00FAF4FE /* ActivityCardView.swift */; };
		82ECF60E2A35F64800FAF4FE /* GridActivitiesView.swift in Sources */ = {isa = PBXBuildFile; fileRef = 82ECF60D2A35F64800FAF4FE /* GridActivitiesView.swift */; };
/* End PBXBuildFile section */

/* Begin PBXFileReference section */
		82CBDAA62A33790F008E759A /* Milestone-Projects7_9.app */ = {isa = PBXFileReference; explicitFileType = wrapper.application; includeInIndex = 0; path = "Milestone-Projects7_9.app"; sourceTree = BUILT_PRODUCTS_DIR; };
		82CBDAA92A33790F008E759A /* Milestone_Projects7_9App.swift */ = {isa = PBXFileReference; lastKnownFileType = sourcecode.swift; path = Milestone_Projects7_9App.swift; sourceTree = "<group>"; };
		82CBDAAB2A33790F008E759A /* ContentView.swift */ = {isa = PBXFileReference; lastKnownFileType = sourcecode.swift; path = ContentView.swift; sourceTree = "<group>"; };
		82CBDAAD2A337910008E759A /* Assets.xcassets */ = {isa = PBXFileReference; lastKnownFileType = folder.assetcatalog; path = Assets.xcassets; sourceTree = "<group>"; };
		82CBDAAF2A337910008E759A /* Milestone_Projects7_9.entitlements */ = {isa = PBXFileReference; lastKnownFileType = text.plist.entitlements; path = Milestone_Projects7_9.entitlements; sourceTree = "<group>"; };
		82CBDAB12A337910008E759A /* Preview Assets.xcassets */ = {isa = PBXFileReference; lastKnownFileType = folder.assetcatalog; path = "Preview Assets.xcassets"; sourceTree = "<group>"; };
		82CBDAB92A33B0B5008E759A /* ActivityItem.swift */ = {isa = PBXFileReference; lastKnownFileType = sourcecode.swift; path = ActivityItem.swift; sourceTree = "<group>"; };
		82D3A2B72A363DBF00E247A5 /* ActivityView.swift */ = {isa = PBXFileReference; lastKnownFileType = sourcecode.swift; path = ActivityView.swift; sourceTree = "<group>"; };
		82ECF6072A35C37200FAF4FE /* Activities.swift */ = {isa = PBXFileReference; lastKnownFileType = sourcecode.swift; path = Activities.swift; sourceTree = "<group>"; };
		82ECF6092A35F52B00FAF4FE /* ActivityCardView.swift */ = {isa = PBXFileReference; lastKnownFileType = sourcecode.swift; path = ActivityCardView.swift; sourceTree = "<group>"; };
		82ECF60D2A35F64800FAF4FE /* GridActivitiesView.swift */ = {isa = PBXFileReference; lastKnownFileType = sourcecode.swift; path = GridActivitiesView.swift; sourceTree = "<group>"; };
/* End PBXFileReference section */

/* Begin PBXFrameworksBuildPhase section */
		82CBDAA32A33790F008E759A /* Frameworks */ = {
			isa = PBXFrameworksBuildPhase;
			buildActionMask = 2147483647;
			files = (
			);
			runOnlyForDeploymentPostprocessing = 0;
		};
/* End PBXFrameworksBuildPhase section */

/* Begin PBXGroup section */
		82CBDA9D2A33790E008E759A = {
			isa = PBXGroup;
			children = (
				82CBDAA82A33790F008E759A /* Milestone-Projects7_9 */,
				82CBDAA72A33790F008E759A /* Products */,
			);
			sourceTree = "<group>";
		};
		82CBDAA72A33790F008E759A /* Products */ = {
			isa = PBXGroup;
			children = (
				82CBDAA62A33790F008E759A /* Milestone-Projects7_9.app */,
			);
			name = Products;
			sourceTree = "<group>";
		};
		82CBDAA82A33790F008E759A /* Milestone-Projects7_9 */ = {
			isa = PBXGroup;
			children = (
				82CBDABD2A33C7C8008E759A /* Views */,
				82CBDAB82A33B09E008E759A /* Models */,
				82CBDAA92A33790F008E759A /* Milestone_Projects7_9App.swift */,
				82CBDAAB2A33790F008E759A /* ContentView.swift */,
				82CBDAAD2A337910008E759A /* Assets.xcassets */,
				82CBDAAF2A337910008E759A /* Milestone_Projects7_9.entitlements */,
				82CBDAB02A337910008E759A /* Preview Content */,
			);
			path = "Milestone-Projects7_9";
			sourceTree = "<group>";
		};
		82CBDAB02A337910008E759A /* Preview Content */ = {
			isa = PBXGroup;
			children = (
				82CBDAB12A337910008E759A /* Preview Assets.xcassets */,
			);
			path = "Preview Content";
			sourceTree = "<group>";
		};
		82CBDAB82A33B09E008E759A /* Models */ = {
			isa = PBXGroup;
			children = (
				82ECF6072A35C37200FAF4FE /* Activities.swift */,
				82CBDAB92A33B0B5008E759A /* ActivityItem.swift */,
			);
			path = Models;
			sourceTree = "<group>";
		};
		82CBDABD2A33C7C8008E759A /* Views */ = {
			isa = PBXGroup;
			children = (
				82ECF6092A35F52B00FAF4FE /* ActivityCardView.swift */,
				82D3A2B72A363DBF00E247A5 /* ActivityView.swift */,
				82ECF60D2A35F64800FAF4FE /* GridActivitiesView.swift */,
			);
			path = Views;
			sourceTree = "<group>";
		};
/* End PBXGroup section */

/* Begin PBXNativeTarget section */
		82CBDAA52A33790F008E759A /* Milestone-Projects7_9 */ = {
			isa = PBXNativeTarget;
			buildConfigurationList = 82CBDAB52A337910008E759A /* Build configuration list for PBXNativeTarget "Milestone-Projects7_9" */;
			buildPhases = (
				82CBDAA22A33790F008E759A /* Sources */,
				82CBDAA32A33790F008E759A /* Frameworks */,
				82CBDAA42A33790F008E759A /* Resources */,
			);
			buildRules = (
			);
			dependencies = (
			);
			name = "Milestone-Projects7_9";
			productName = "Milestone-Projects7_9";
			productReference = 82CBDAA62A33790F008E759A /* Milestone-Projects7_9.app */;
			productType = "com.apple.product-type.application";
		};
/* End PBXNativeTarget section */

/* Begin PBXProject section */
		82CBDA9E2A33790E008E759A /* Project object */ = {
			isa = PBXProject;
			attributes = {
				BuildIndependentTargetsInParallel = 1;
				LastSwiftUpdateCheck = 1420;
				LastUpgradeCheck = 1420;
				TargetAttributes = {
					82CBDAA52A33790F008E759A = {
						CreatedOnToolsVersion = 14.2;
					};
				};
			};
			buildConfigurationList = 82CBDAA12A33790E008E759A /* Build configuration list for PBXProject "Milestone-Projects7_9" */;
			compatibilityVersion = "Xcode 14.0";
			developmentRegion = en;
			hasScannedForEncodings = 0;
			knownRegions = (
				en,
				Base,
			);
			mainGroup = 82CBDA9D2A33790E008E759A;
			productRefGroup = 82CBDAA72A33790F008E759A /* Products */;
			projectDirPath = "";
			projectRoot = "";
			targets = (
				82CBDAA52A33790F008E759A /* Milestone-Projects7_9 */,
			);
		};
/* End PBXProject section */

/* Begin PBXResourcesBuildPhase section */
		82CBDAA42A33790F008E759A /* Resources */ = {
			isa = PBXResourcesBuildPhase;
			buildActionMask = 2147483647;
			files = (
				82CBDAB22A337910008E759A /* Preview Assets.xcassets in Resources */,
				82CBDAAE2A337910008E759A /* Assets.xcassets in Resources */,
			);
			runOnlyForDeploymentPostprocessing = 0;
		};
/* End PBXResourcesBuildPhase section */

/* Begin PBXSourcesBuildPhase section */
		82CBDAA22A33790F008E759A /* Sources */ = {
			isa = PBXSourcesBuildPhase;
			buildActionMask = 2147483647;
			files = (
				82CBDABA2A33B0B5008E759A /* ActivityItem.swift in Sources */,
				82CBDAAC2A33790F008E759A /* ContentView.swift in Sources */,
				82CBDAAA2A33790F008E759A /* Milestone_Projects7_9App.swift in Sources */,
				82ECF60E2A35F64800FAF4FE /* GridActivitiesView.swift in Sources */,
				82D3A2B82A363DBF00E247A5 /* ActivityView.swift in Sources */,
				82ECF6082A35C37200FAF4FE /* Activities.swift in Sources */,
				82ECF60A2A35F52B00FAF4FE /* ActivityCardView.swift in Sources */,
			);
			runOnlyForDeploymentPostprocessing = 0;
		};
/* End PBXSourcesBuildPhase section */

/* Begin XCBuildConfiguration section */
		82CBDAB32A337910008E759A /* Debug */ = {
			isa = XCBuildConfiguration;
			buildSettings = {
				ALWAYS_SEARCH_USER_PATHS = NO;
				CLANG_ANALYZER_NONNULL = YES;
				CLANG_ANALYZER_NUMBER_OBJECT_CONVERSION = YES_AGGRESSIVE;
				CLANG_CXX_LANGUAGE_STANDARD = "gnu++20";
				CLANG_ENABLE_MODULES = YES;
				CLANG_ENABLE_OBJC_ARC = YES;
				CLANG_ENABLE_OBJC_WEAK = YES;
				CLANG_WARN_BLOCK_CAPTURE_AUTORELEASING = YES;
				CLANG_WARN_BOOL_CONVERSION = YES;
				CLANG_WARN_COMMA = YES;
				CLANG_WARN_CONSTANT_CONVERSION = YES;
				CLANG_WARN_DEPRECATED_OBJC_IMPLEMENTATIONS = YES;
				CLANG_WARN_DIRECT_OBJC_ISA_USAGE = YES_ERROR;
				CLANG_WARN_DOCUMENTATION_COMMENTS = YES;
				CLANG_WARN_EMPTY_BODY = YES;
				CLANG_WARN_ENUM_CONVERSION = YES;
				CLANG_WARN_INFINITE_RECURSION = YES;
				CLANG_WARN_INT_CONVERSION = YES;
				CLANG_WARN_NON_LITERAL_NULL_CONVERSION = YES;
				CLANG_WARN_OBJC_IMPLICIT_RETAIN_SELF = YES;
				CLANG_WARN_OBJC_LITERAL_CONVERSION = YES;
				CLANG_WARN_OBJC_ROOT_CLASS = YES_ERROR;
				CLANG_WARN_QUOTED_INCLUDE_IN_FRAMEWORK_HEADER = YES;
				CLANG_WARN_RANGE_LOOP_ANALYSIS = YES;
				CLANG_WARN_STRICT_PROTOTYPES = YES;
				CLANG_WARN_SUSPICIOUS_MOVE = YES;
				CLANG_WARN_UNGUARDED_AVAILABILITY = YES_AGGRESSIVE;
				CLANG_WARN_UNREACHABLE_CODE = YES;
				CLANG_WARN__DUPLICATE_METHOD_MATCH = YES;
				COPY_PHASE_STRIP = NO;
				DEBUG_INFORMATION_FORMAT = dwarf;
				ENABLE_STRICT_OBJC_MSGSEND = YES;
				ENABLE_TESTABILITY = YES;
				GCC_C_LANGUAGE_STANDARD = gnu11;
				GCC_DYNAMIC_NO_PIC = NO;
				GCC_NO_COMMON_BLOCKS = YES;
				GCC_OPTIMIZATION_LEVEL = 0;
				GCC_PREPROCESSOR_DEFINITIONS = (
					"DEBUG=1",
					"$(inherited)",
				);
				GCC_WARN_64_TO_32_BIT_CONVERSION = YES;
				GCC_WARN_ABOUT_RETURN_TYPE = YES_ERROR;
				GCC_WARN_UNDECLARED_SELECTOR = YES;
				GCC_WARN_UNINITIALIZED_AUTOS = YES_AGGRESSIVE;
				GCC_WARN_UNUSED_FUNCTION = YES;
				GCC_WARN_UNUSED_VARIABLE = YES;
				MTL_ENABLE_DEBUG_INFO = INCLUDE_SOURCE;
				MTL_FAST_MATH = YES;
				ONLY_ACTIVE_ARCH = YES;
				SWIFT_ACTIVE_COMPILATION_CONDITIONS = DEBUG;
				SWIFT_OPTIMIZATION_LEVEL = "-Onone";
			};
			name = Debug;
		};
		82CBDAB42A337910008E759A /* Release */ = {
			isa = XCBuildConfiguration;
			buildSettings = {
				ALWAYS_SEARCH_USER_PATHS = NO;
				CLANG_ANALYZER_NONNULL = YES;
				CLANG_ANALYZER_NUMBER_OBJECT_CONVERSION = YES_AGGRESSIVE;
				CLANG_CXX_LANGUAGE_STANDARD = "gnu++20";
				CLANG_ENABLE_MODULES = YES;
				CLANG_ENABLE_OBJC_ARC = YES;
				CLANG_ENABLE_OBJC_WEAK = YES;
				CLANG_WARN_BLOCK_CAPTURE_AUTORELEASING = YES;
				CLANG_WARN_BOOL_CONVERSION = YES;
				CLANG_WARN_COMMA = YES;
				CLANG_WARN_CONSTANT_CONVERSION = YES;
				CLANG_WARN_DEPRECATED_OBJC_IMPLEMENTATIONS = YES;
				CLANG_WARN_DIRECT_OBJC_ISA_USAGE = YES_ERROR;
				CLANG_WARN_DOCUMENTATION_COMMENTS = YES;
				CLANG_WARN_EMPTY_BODY = YES;
				CLANG_WARN_ENUM_CONVERSION = YES;
				CLANG_WARN_INFINITE_RECURSION = YES;
				CLANG_WARN_INT_CONVERSION = YES;
				CLANG_WARN_NON_LITERAL_NULL_CONVERSION = YES;
				CLANG_WARN_OBJC_IMPLICIT_RETAIN_SELF = YES;
				CLANG_WARN_OBJC_LITERAL_CONVERSION = YES;
				CLANG_WARN_OBJC_ROOT_CLASS = YES_ERROR;
				CLANG_WARN_QUOTED_INCLUDE_IN_FRAMEWORK_HEADER = YES;
				CLANG_WARN_RANGE_LOOP_ANALYSIS = YES;
				CLANG_WARN_STRICT_PROTOTYPES = YES;
				CLANG_WARN_SUSPICIOUS_MOVE = YES;
				CLANG_WARN_UNGUARDED_AVAILABILITY = YES_AGGRESSIVE;
				CLANG_WARN_UNREACHABLE_CODE = YES;
				CLANG_WARN__DUPLICATE_METHOD_MATCH = YES;
				COPY_PHASE_STRIP = NO;
				DEBUG_INFORMATION_FORMAT = "dwarf-with-dsym";
				ENABLE_NS_ASSERTIONS = NO;
				ENABLE_STRICT_OBJC_MSGSEND = YES;
				GCC_C_LANGUAGE_STANDARD = gnu11;
				GCC_NO_COMMON_BLOCKS = YES;
				GCC_WARN_64_TO_32_BIT_CONVERSION = YES;
				GCC_WARN_ABOUT_RETURN_TYPE = YES_ERROR;
				GCC_WARN_UNDECLARED_SELECTOR = YES;
				GCC_WARN_UNINITIALIZED_AUTOS = YES_AGGRESSIVE;
				GCC_WARN_UNUSED_FUNCTION = YES;
				GCC_WARN_UNUSED_VARIABLE = YES;
				MTL_ENABLE_DEBUG_INFO = NO;
				MTL_FAST_MATH = YES;
				SWIFT_COMPILATION_MODE = wholemodule;
				SWIFT_OPTIMIZATION_LEVEL = "-O";
			};
			name = Release;
		};
		82CBDAB62A337910008E759A /* Debug */ = {
			isa = XCBuildConfiguration;
			buildSettings = {
				ASSETCATALOG_COMPILER_APPICON_NAME = AppIcon;
				ASSETCATALOG_COMPILER_GLOBAL_ACCENT_COLOR_NAME = AccentColor;
				CODE_SIGN_ENTITLEMENTS = "Milestone-Projects7_9/Milestone_Projects7_9.entitlements";
				CODE_SIGN_STYLE = Automatic;
				CURRENT_PROJECT_VERSION = 1;
				DEVELOPMENT_ASSET_PATHS = "\"Milestone-Projects7_9/Preview Content\"";
				ENABLE_PREVIEWS = YES;
				GENERATE_INFOPLIST_FILE = YES;
				"INFOPLIST_KEY_UIApplicationSceneManifest_Generation[sdk=iphoneos*]" = YES;
				"INFOPLIST_KEY_UIApplicationSceneManifest_Generation[sdk=iphonesimulator*]" = YES;
				"INFOPLIST_KEY_UIApplicationSupportsIndirectInputEvents[sdk=iphoneos*]" = YES;
				"INFOPLIST_KEY_UIApplicationSupportsIndirectInputEvents[sdk=iphonesimulator*]" = YES;
				"INFOPLIST_KEY_UILaunchScreen_Generation[sdk=iphoneos*]" = YES;
				"INFOPLIST_KEY_UILaunchScreen_Generation[sdk=iphonesimulator*]" = YES;
				"INFOPLIST_KEY_UIStatusBarStyle[sdk=iphoneos*]" = UIStatusBarStyleDefault;
				"INFOPLIST_KEY_UIStatusBarStyle[sdk=iphonesimulator*]" = UIStatusBarStyleDefault;
				INFOPLIST_KEY_UISupportedInterfaceOrientations = UIInterfaceOrientationPortrait;
				INFOPLIST_KEY_UISupportedInterfaceOrientations_iPad = "UIInterfaceOrientationLandscapeLeft UIInterfaceOrientationLandscapeRight UIInterfaceOrientationPortrait UIInterfaceOrientationPortraitUpsideDown";
				IPHONEOS_DEPLOYMENT_TARGET = 16.2;
				LD_RUNPATH_SEARCH_PATHS = "@executable_path/Frameworks";
				"LD_RUNPATH_SEARCH_PATHS[sdk=macosx*]" = "@executable_path/../Frameworks";
				MACOSX_DEPLOYMENT_TARGET = 12.6;
				MARKETING_VERSION = 1.0;
				PRODUCT_BUNDLE_IDENTIFIER = "com.cdalvaro.Milestone-Projects7-9";
				PRODUCT_NAME = "$(TARGET_NAME)";
				SDKROOT = auto;
				SUPPORTED_PLATFORMS = "iphoneos iphonesimulator";
				SUPPORTS_MACCATALYST = NO;
				SUPPORTS_MAC_DESIGNED_FOR_IPHONE_IPAD = NO;
				SWIFT_EMIT_LOC_STRINGS = YES;
				SWIFT_VERSION = 5.0;
				TARGETED_DEVICE_FAMILY = 1;
			};
			name = Debug;
		};
		82CBDAB72A337910008E759A /* Release */ = {
			isa = XCBuildConfiguration;
			buildSettings = {
				ASSETCATALOG_COMPILER_APPICON_NAME = AppIcon;
				ASSETCATALOG_COMPILER_GLOBAL_ACCENT_COLOR_NAME = AccentColor;
				CODE_SIGN_ENTITLEMENTS = "Milestone-Projects7_9/Milestone_Projects7_9.entitlements";
				CODE_SIGN_STYLE = Automatic;
				CURRENT_PROJECT_VERSION = 1;
				DEVELOPMENT_ASSET_PATHS = "\"Milestone-Projects7_9/Preview Content\"";
				ENABLE_PREVIEWS = YES;
				GENERATE_INFOPLIST_FILE = YES;
				"INFOPLIST_KEY_UIApplicationSceneManifest_Generation[sdk=iphoneos*]" = YES;
				"INFOPLIST_KEY_UIApplicationSceneManifest_Generation[sdk=iphonesimulator*]" = YES;
				"INFOPLIST_KEY_UIApplicationSupportsIndirectInputEvents[sdk=iphoneos*]" = YES;
				"INFOPLIST_KEY_UIApplicationSupportsIndirectInputEvents[sdk=iphonesimulator*]" = YES;
				"INFOPLIST_KEY_UILaunchScreen_Generation[sdk=iphoneos*]" = YES;
				"INFOPLIST_KEY_UILaunchScreen_Generation[sdk=iphonesimulator*]" = YES;
				"INFOPLIST_KEY_UIStatusBarStyle[sdk=iphoneos*]" = UIStatusBarStyleDefault;
				"INFOPLIST_KEY_UIStatusBarStyle[sdk=iphonesimulator*]" = UIStatusBarStyleDefault;
				INFOPLIST_KEY_UISupportedInterfaceOrientations = UIInterfaceOrientationPortrait;
				INFOPLIST_KEY_UISupportedInterfaceOrientations_iPad = "UIInterfaceOrientationLandscapeLeft UIInterfaceOrientationLandscapeRight UIInterfaceOrientationPortrait UIInterfaceOrientationPortraitUpsideDown";
				IPHONEOS_DEPLOYMENT_TARGET = 16.2;
				LD_RUNPATH_SEARCH_PATHS = "@executable_path/Frameworks";
				"LD_RUNPATH_SEARCH_PATHS[sdk=macosx*]" = "@executable_path/../Frameworks";
				MACOSX_DEPLOYMENT_TARGET = 12.6;
				MARKETING_VERSION = 1.0;
				PRODUCT_BUNDLE_IDENTIFIER = "com.cdalvaro.Milestone-Projects7-9";
				PRODUCT_NAME = "$(TARGET_NAME)";
				SDKROOT = auto;
				SUPPORTED_PLATFORMS = "iphoneos iphonesimulator";
				SUPPORTS_MACCATALYST = NO;
				SUPPORTS_MAC_DESIGNED_FOR_IPHONE_IPAD = NO;
				SWIFT_EMIT_LOC_STRINGS = YES;
				SWIFT_VERSION = 5.0;
				TARGETED_DEVICE_FAMILY = 1;
			};
			name = Release;
		};
/* End XCBuildConfiguration section */

/* Begin XCConfigurationList section */
		82CBDAA12A33790E008E759A /* Build configuration list for PBXProject "Milestone-Projects7_9" */ = {
			isa = XCConfigurationList;
			buildConfigurations = (
				82CBDAB32A337910008E759A /* Debug */,
				82CBDAB42A337910008E759A /* Release */,
			);
			defaultConfigurationIsVisible = 0;
			defaultConfigurationName = Release;
		};
		82CBDAB52A337910008E759A /* Build configuration list for PBXNativeTarget "Milestone-Projects7_9" */ = {
			isa = XCConfigurationList;
			buildConfigurations = (
				82CBDAB62A337910008E759A /* Debug */,
				82CBDAB72A337910008E759A /* Release */,
			);
			defaultConfigurationIsVisible = 0;
			defaultConfigurationName = Release;
		};
/* End XCConfigurationList section */
	};
	rootObject = 82CBDA9E2A33790E008E759A /* Project object */;
}
