// !$*UTF8*$!
{
	archiveVersion = 1;
	classes = {
	};
	objectVersion = 50;
	objects = {

/* Begin PBXBuildFile section */
		075ED8C9233F6ED90044008C /* level1.txt in Resources */ = {isa = PBXBuildFile; fileRef = 075ED8C8233F6ED90044008C /* level1.txt */; };
		075ED8CB233F6EED0044008C /* level2.txt in Resources */ = {isa = PBXBuildFile; fileRef = 075ED8CA233F6EED0044008C /* level2.txt */; };
		07F156D02337C30F00159138 /* AppDelegate.swift in Sources */ = {isa = PBXBuildFile; fileRef = 07F156CF2337C30F00159138 /* AppDelegate.swift */; };
		07F156D22337C30F00159138 /* SceneDelegate.swift in Sources */ = {isa = PBXBuildFile; fileRef = 07F156D12337C30F00159138 /* SceneDelegate.swift */; };
		07F156D42337C30F00159138 /* ViewController.swift in Sources */ = {isa = PBXBuildFile; fileRef = 07F156D32337C30F00159138 /* ViewController.swift */; };
		07F156D72337C30F00159138 /* Main.storyboard in Resources */ = {isa = PBXBuildFile; fileRef = 07F156D52337C30F00159138 /* Main.storyboard */; };
		07F156D92337C30F00159138 /* Assets.xcassets in Resources */ = {isa = PBXBuildFile; fileRef = 07F156D82337C30F00159138 /* Assets.xcassets */; };
		07F156DC2337C30F00159138 /* LaunchScreen.storyboard in Resources */ = {isa = PBXBuildFile; fileRef = 07F156DA2337C30F00159138 /* LaunchScreen.storyboard */; };
/* End PBXBuildFile section */

/* Begin PBXFileReference section */
		075ED8C8233F6ED90044008C /* level1.txt */ = {isa = PBXFileReference; lastKnownFileType = text; path = level1.txt; sourceTree = "<group>"; };
		075ED8CA233F6EED0044008C /* level2.txt */ = {isa = PBXFileReference; lastKnownFileType = text; path = level2.txt; sourceTree = "<group>"; };
		07F156CC2337C30F00159138 /* Project8-CGAffineTransform.app */ = {isa = PBXFileReference; explicitFileType = wrapper.application; includeInIndex = 0; path = "Project8-CGAffineTransform.app"; sourceTree = BUILT_PRODUCTS_DIR; };
		07F156CF2337C30F00159138 /* AppDelegate.swift */ = {isa = PBXFileReference; lastKnownFileType = sourcecode.swift; path = AppDelegate.swift; sourceTree = "<group>"; };
		07F156D12337C30F00159138 /* SceneDelegate.swift */ = {isa = PBXFileReference; lastKnownFileType = sourcecode.swift; path = SceneDelegate.swift; sourceTree = "<group>"; };
		07F156D32337C30F00159138 /* ViewController.swift */ = {isa = PBXFileReference; lastKnownFileType = sourcecode.swift; path = ViewController.swift; sourceTree = "<group>"; };
		07F156D62337C30F00159138 /* Base */ = {isa = PBXFileReference; lastKnownFileType = file.storyboard; name = Base; path = Base.lproj/Main.storyboard; sourceTree = "<group>"; };
		07F156D82337C30F00159138 /* Assets.xcassets */ = {isa = PBXFileReference; lastKnownFileType = folder.assetcatalog; path = Assets.xcassets; sourceTree = "<group>"; };
		07F156DB2337C30F00159138 /* Base */ = {isa = PBXFileReference; lastKnownFileType = file.storyboard; name = Base; path = Base.lproj/LaunchScreen.storyboard; sourceTree = "<group>"; };
		07F156DD2337C30F00159138 /* Info.plist */ = {isa = PBXFileReference; lastKnownFileType = text.plist.xml; path = Info.plist; sourceTree = "<group>"; };
/* End PBXFileReference section */

/* Begin PBXFrameworksBuildPhase section */
		07F156C92337C30F00159138 /* Frameworks */ = {
			isa = PBXFrameworksBuildPhase;
			buildActionMask = 2147483647;
			files = (
			);
			runOnlyForDeploymentPostprocessing = 0;
		};
/* End PBXFrameworksBuildPhase section */

/* Begin PBXGroup section */
		075ED8C7233F6EC10044008C /* levels */ = {
			isa = PBXGroup;
			children = (
				075ED8C8233F6ED90044008C /* level1.txt */,
				075ED8CA233F6EED0044008C /* level2.txt */,
			);
			path = levels;
			sourceTree = "<group>";
		};
		07F156C32337C30F00159138 = {
			isa = PBXGroup;
			children = (
				07F156CE2337C30F00159138 /* Project8-CGAffineTransform */,
				07F156CD2337C30F00159138 /* Products */,
			);
			sourceTree = "<group>";
		};
		07F156CD2337C30F00159138 /* Products */ = {
			isa = PBXGroup;
			children = (
				07F156CC2337C30F00159138 /* Project8-CGAffineTransform.app */,
			);
			name = Products;
			sourceTree = "<group>";
		};
		07F156CE2337C30F00159138 /* Project8-CGAffineTransform */ = {
			isa = PBXGroup;
			children = (
				075ED8C7233F6EC10044008C /* levels */,
				07F156CF2337C30F00159138 /* AppDelegate.swift */,
				07F156D12337C30F00159138 /* SceneDelegate.swift */,
				07F156D32337C30F00159138 /* ViewController.swift */,
				07F156D52337C30F00159138 /* Main.storyboard */,
				07F156D82337C30F00159138 /* Assets.xcassets */,
				07F156DA2337C30F00159138 /* LaunchScreen.storyboard */,
				07F156DD2337C30F00159138 /* Info.plist */,
			);
			path = "Project8-CGAffineTransform";
			sourceTree = "<group>";
		};
/* End PBXGroup section */

/* Begin PBXNativeTarget section */
		07F156CB2337C30F00159138 /* Project8-CGAffineTransform */ = {
			isa = PBXNativeTarget;
			buildConfigurationList = 07F156E02337C30F00159138 /* Build configuration list for PBXNativeTarget "Project8-CGAffineTransform" */;
			buildPhases = (
				07F156C82337C30F00159138 /* Sources */,
				07F156C92337C30F00159138 /* Frameworks */,
				07F156CA2337C30F00159138 /* Resources */,
			);
			buildRules = (
			);
			dependencies = (
			);
			name = "Project8-CGAffineTransform";
			productName = Project8;
			productReference = 07F156CC2337C30F00159138 /* Project8-CGAffineTransform.app */;
			productType = "com.apple.product-type.application";
		};
/* End PBXNativeTarget section */

/* Begin PBXProject section */
		07F156C42337C30F00159138 /* Project object */ = {
			isa = PBXProject;
			attributes = {
				LastSwiftUpdateCheck = 1100;
				LastUpgradeCheck = 1100;
				ORGANIZATIONNAME = cdalvaro;
				TargetAttributes = {
					07F156CB2337C30F00159138 = {
						CreatedOnToolsVersion = 11.0;
					};
				};
			};
			buildConfigurationList = 07F156C72337C30F00159138 /* Build configuration list for PBXProject "Project8-CGAffineTransform" */;
			compatibilityVersion = "Xcode 9.3";
			developmentRegion = en;
			hasScannedForEncodings = 0;
			knownRegions = (
				en,
				Base,
			);
			mainGroup = 07F156C32337C30F00159138;
			productRefGroup = 07F156CD2337C30F00159138 /* Products */;
			projectDirPath = "";
			projectRoot = "";
			targets = (
				07F156CB2337C30F00159138 /* Project8-CGAffineTransform */,
			);
		};
/* End PBXProject section */

/* Begin PBXResourcesBuildPhase section */
		07F156CA2337C30F00159138 /* Resources */ = {
			isa = PBXResourcesBuildPhase;
			buildActionMask = 2147483647;
			files = (
				075ED8CB233F6EED0044008C /* level2.txt in Resources */,
				07F156DC2337C30F00159138 /* LaunchScreen.storyboard in Resources */,
				075ED8C9233F6ED90044008C /* level1.txt in Resources */,
				07F156D92337C30F00159138 /* Assets.xcassets in Resources */,
				07F156D72337C30F00159138 /* Main.storyboard in Resources */,
			);
			runOnlyForDeploymentPostprocessing = 0;
		};
/* End PBXResourcesBuildPhase section */

/* Begin PBXSourcesBuildPhase section */
		07F156C82337C30F00159138 /* Sources */ = {
			isa = PBXSourcesBuildPhase;
			buildActionMask = 2147483647;
			files = (
				07F156D42337C30F00159138 /* ViewController.swift in Sources */,
				07F156D02337C30F00159138 /* AppDelegate.swift in Sources */,
				07F156D22337C30F00159138 /* SceneDelegate.swift in Sources */,
			);
			runOnlyForDeploymentPostprocessing = 0;
		};
/* End PBXSourcesBuildPhase section */

/* Begin PBXVariantGroup section */
		07F156D52337C30F00159138 /* Main.storyboard */ = {
			isa = PBXVariantGroup;
			children = (
				07F156D62337C30F00159138 /* Base */,
			);
			name = Main.storyboard;
			sourceTree = "<group>";
		};
		07F156DA2337C30F00159138 /* LaunchScreen.storyboard */ = {
			isa = PBXVariantGroup;
			children = (
				07F156DB2337C30F00159138 /* Base */,
			);
			name = LaunchScreen.storyboard;
			sourceTree = "<group>";
		};
/* End PBXVariantGroup section */

/* Begin XCBuildConfiguration section */
		07F156DE2337C30F00159138 /* Debug */ = {
			isa = XCBuildConfiguration;
			buildSettings = {
				ALWAYS_SEARCH_USER_PATHS = NO;
				CLANG_ANALYZER_NONNULL = YES;
				CLANG_ANALYZER_NUMBER_OBJECT_CONVERSION = YES_AGGRESSIVE;
				CLANG_CXX_LANGUAGE_STANDARD = "gnu++14";
				CLANG_CXX_LIBRARY = "libc++";
				CLANG_ENABLE_MODULES = YES;
				CLANG_ENABLE_OBJC_ARC = YES;
				CLANG_ENABLE_OBJC_WEAK = YES;
				CLANG_WARN_BLOCK_CAPTURE_AUTORELEASING = YES;
				CLANG_WARN_BOOL_CONVERSION = YES;
				CLANG_WARN_COMMA = YES;
				CLANG_WARN_CONSTANT_CONVERSION = YES;
				CLANG_WARN_DEPRECATED_OBJC_IMPLEMENTATIONS = YES;
				CLANG_WARN_DIRECT_OBJC_ISA_USAGE = YES_ERROR;
				CLANG_WARN_DOCUMENTATION_COMMENTS = YES;
				CLANG_WARN_EMPTY_BODY = YES;
				CLANG_WARN_ENUM_CONVERSION = YES;
				CLANG_WARN_INFINITE_RECURSION = YES;
				CLANG_WARN_INT_CONVERSION = YES;
				CLANG_WARN_NON_LITERAL_NULL_CONVERSION = YES;
				CLANG_WARN_OBJC_IMPLICIT_RETAIN_SELF = YES;
				CLANG_WARN_OBJC_LITERAL_CONVERSION = YES;
				CLANG_WARN_OBJC_ROOT_CLASS = YES_ERROR;
				CLANG_WARN_RANGE_LOOP_ANALYSIS = YES;
				CLANG_WARN_STRICT_PROTOTYPES = YES;
				CLANG_WARN_SUSPICIOUS_MOVE = YES;
				CLANG_WARN_UNGUARDED_AVAILABILITY = YES_AGGRESSIVE;
				CLANG_WARN_UNREACHABLE_CODE = YES;
				CLANG_WARN__DUPLICATE_METHOD_MATCH = YES;
				COPY_PHASE_STRIP = NO;
				DEBUG_INFORMATION_FORMAT = dwarf;
				ENABLE_STRICT_OBJC_MSGSEND = YES;
				ENABLE_TESTABILITY = YES;
				GCC_C_LANGUAGE_STANDARD = gnu11;
				GCC_DYNAMIC_NO_PIC = NO;
				GCC_NO_COMMON_BLOCKS = YES;
				GCC_OPTIMIZATION_LEVEL = 0;
				GCC_PREPROCESSOR_DEFINITIONS = (
					"DEBUG=1",
					"$(inherited)",
				);
				GCC_WARN_64_TO_32_BIT_CONVERSION = YES;
				GCC_WARN_ABOUT_RETURN_TYPE = YES_ERROR;
				GCC_WARN_UNDECLARED_SELECTOR = YES;
				GCC_WARN_UNINITIALIZED_AUTOS = YES_AGGRESSIVE;
				GCC_WARN_UNUSED_FUNCTION = YES;
				GCC_WARN_UNUSED_VARIABLE = YES;
				IPHONEOS_DEPLOYMENT_TARGET = 13.0;
				MTL_ENABLE_DEBUG_INFO = INCLUDE_SOURCE;
				MTL_FAST_MATH = YES;
				ONLY_ACTIVE_ARCH = YES;
				SDKROOT = iphoneos;
				SWIFT_ACTIVE_COMPILATION_CONDITIONS = DEBUG;
				SWIFT_OPTIMIZATION_LEVEL = "-Onone";
			};
			name = Debug;
		};
		07F156DF2337C30F00159138 /* Release */ = {
			isa = XCBuildConfiguration;
			buildSettings = {
				ALWAYS_SEARCH_USER_PATHS = NO;
				CLANG_ANALYZER_NONNULL = YES;
				CLANG_ANALYZER_NUMBER_OBJECT_CONVERSION = YES_AGGRESSIVE;
				CLANG_CXX_LANGUAGE_STANDARD = "gnu++14";
				CLANG_CXX_LIBRARY = "libc++";
				CLANG_ENABLE_MODULES = YES;
				CLANG_ENABLE_OBJC_ARC = YES;
				CLANG_ENABLE_OBJC_WEAK = YES;
				CLANG_WARN_BLOCK_CAPTURE_AUTORELEASING = YES;
				CLANG_WARN_BOOL_CONVERSION = YES;
				CLANG_WARN_COMMA = YES;
				CLANG_WARN_CONSTANT_CONVERSION = YES;
				CLANG_WARN_DEPRECATED_OBJC_IMPLEMENTATIONS = YES;
				CLANG_WARN_DIRECT_OBJC_ISA_USAGE = YES_ERROR;
				CLANG_WARN_DOCUMENTATION_COMMENTS = YES;
				CLANG_WARN_EMPTY_BODY = YES;
				CLANG_WARN_ENUM_CONVERSION = YES;
				CLANG_WARN_INFINITE_RECURSION = YES;
				CLANG_WARN_INT_CONVERSION = YES;
				CLANG_WARN_NON_LITERAL_NULL_CONVERSION = YES;
				CLANG_WARN_OBJC_IMPLICIT_RETAIN_SELF = YES;
				CLANG_WARN_OBJC_LITERAL_CONVERSION = YES;
				CLANG_WARN_OBJC_ROOT_CLASS = YES_ERROR;
				CLANG_WARN_RANGE_LOOP_ANALYSIS = YES;
				CLANG_WARN_STRICT_PROTOTYPES = YES;
				CLANG_WARN_SUSPICIOUS_MOVE = YES;
				CLANG_WARN_UNGUARDED_AVAILABILITY = YES_AGGRESSIVE;
				CLANG_WARN_UNREACHABLE_CODE = YES;
				CLANG_WARN__DUPLICATE_METHOD_MATCH = YES;
				COPY_PHASE_STRIP = NO;
				DEBUG_INFORMATION_FORMAT = "dwarf-with-dsym";
				ENABLE_NS_ASSERTIONS = NO;
				ENABLE_STRICT_OBJC_MSGSEND = YES;
				GCC_C_LANGUAGE_STANDARD = gnu11;
				GCC_NO_COMMON_BLOCKS = YES;
				GCC_WARN_64_TO_32_BIT_CONVERSION = YES;
				GCC_WARN_ABOUT_RETURN_TYPE = YES_ERROR;
				GCC_WARN_UNDECLARED_SELECTOR = YES;
				GCC_WARN_UNINITIALIZED_AUTOS = YES_AGGRESSIVE;
				GCC_WARN_UNUSED_FUNCTION = YES;
				GCC_WARN_UNUSED_VARIABLE = YES;
				IPHONEOS_DEPLOYMENT_TARGET = 13.0;
				MTL_ENABLE_DEBUG_INFO = NO;
				MTL_FAST_MATH = YES;
				SDKROOT = iphoneos;
				SWIFT_COMPILATION_MODE = wholemodule;
				SWIFT_OPTIMIZATION_LEVEL = "-O";
				VALIDATE_PRODUCT = YES;
			};
			name = Release;
		};
		07F156E12337C30F00159138 /* Debug */ = {
			isa = XCBuildConfiguration;
			buildSettings = {
				ASSETCATALOG_COMPILER_APPICON_NAME = AppIcon;
				CODE_SIGN_STYLE = Automatic;
				DEVELOPMENT_TEAM = "";
				INFOPLIST_FILE = "Project8-CGAffineTransform/Info.plist";
				LD_RUNPATH_SEARCH_PATHS = (
					"$(inherited)",
					"@executable_path/Frameworks",
				);
				PRODUCT_BUNDLE_IDENTIFIER = "com.cdalvaro.Project8-CGAffineTransform";
				PRODUCT_NAME = "$(TARGET_NAME)";
				SWIFT_VERSION = 5.0;
				TARGETED_DEVICE_FAMILY = 2;
			};
			name = Debug;
		};
		07F156E22337C30F00159138 /* Release */ = {
			isa = XCBuildConfiguration;
			buildSettings = {
				ASSETCATALOG_COMPILER_APPICON_NAME = AppIcon;
				CODE_SIGN_STYLE = Automatic;
				DEVELOPMENT_TEAM = "";
				INFOPLIST_FILE = "Project8-CGAffineTransform/Info.plist";
				LD_RUNPATH_SEARCH_PATHS = (
					"$(inherited)",
					"@executable_path/Frameworks",
				);
				PRODUCT_BUNDLE_IDENTIFIER = "com.cdalvaro.Project8-CGAffineTransform";
				PRODUCT_NAME = "$(TARGET_NAME)";
				SWIFT_VERSION = 5.0;
				TARGETED_DEVICE_FAMILY = 2;
			};
			name = Release;
		};
/* End XCBuildConfiguration section */

/* Begin XCConfigurationList section */
		07F156C72337C30F00159138 /* Build configuration list for PBXProject "Project8-CGAffineTransform" */ = {
			isa = XCConfigurationList;
			buildConfigurations = (
				07F156DE2337C30F00159138 /* Debug */,
				07F156DF2337C30F00159138 /* Release */,
			);
			defaultConfigurationIsVisible = 0;
			defaultConfigurationName = Release;
		};
		07F156E02337C30F00159138 /* Build configuration list for PBXNativeTarget "Project8-CGAffineTransform" */ = {
			isa = XCConfigurationList;
			buildConfigurations = (
				07F156E12337C30F00159138 /* Debug */,
				07F156E22337C30F00159138 /* Release */,
			);
			defaultConfigurationIsVisible = 0;
			defaultConfigurationName = Release;
		};
/* End XCConfigurationList section */
	};
	rootObject = 07F156C42337C30F00159138 /* Project object */;
}
