{
  "originHash" : "82f9b117897175dec7c7ea9c0cad798b91a6e4bfaf1e6ff6a91836aa8d75d492",
  "pins" : [
    {
      "identity" : "samplepackage",
      "kind" : "remoteSourceControl",
      "location" : "https://github.com/twostraws/SamplePackage",
      "state" : {
        "revision" : "f34f8498db05cf519000a9e5a6a14872ccc69ada",
        "version" : "1.0.0"
      }
    }
  ],
  "version" : 3
}
